
Microsoft Visual Studio Solution File, Format Version 12.00
# Visual Studio Version 17
VisualStudioVersion = 17.5.33530.505
MinimumVisualStudioVersion = 10.0.40219.1
Project("{8BC9CEB8-8B4A-11D0-8D11-00A0C91BC942}") = "1", "1\1.vcxproj", "{CAFEC721-64EB-48AF-8439-BE13A9DBFE90}"
EndProject
Global
	GlobalSection(SolutionConfigurationPlatforms) = preSolution
		Debug|x64 = Debug|x64
		Debug|x86 = Debug|x86
		Release|x64 = Release|x64
		Release|x86 = Release|x86
	EndGlobalSection
	GlobalSection(ProjectConfigurationPlatforms) = postSolution
		{CAFEC721-64EB-48AF-8439-BE13A9DBFE90}.Debug|x64.ActiveCfg = Debug|x64
		{CAFEC721-64EB-48AF-8439-BE13A9DBFE90}.Debug|x64.Build.0 = Debug|x64
		{CAFEC721-64EB-48AF-8439-BE13A9DBFE90}.Debug|x86.ActiveCfg = Debug|Win32
		{CAFEC721-64EB-48AF-8439-BE13A9DBFE90}.Debug|x86.Build.0 = Debug|Win32
		{CAFEC721-64EB-48AF-8439-BE13A9DBFE90}.Release|x64.ActiveCfg = Release|x64
		{CAFEC721-64EB-48AF-8439-BE13A9DBFE90}.Release|x64.Build.0 = Release|x64
		{CAFEC721-64EB-48AF-8439-BE13A9DBFE90}.Release|x86.ActiveCfg = Release|Win32
		{CAFEC721-64EB-48AF-8439-BE13A9DBFE90}.Release|x86.Build.0 = Release|Win32
	EndGlobalSection
	GlobalSection(SolutionProperties) = preSolution
		HideSolutionNode = FALSE
	EndGlobalSection
	GlobalSection(ExtensibilityGlobals) = postSolution
		SolutionGuid = {C4769450-21EA-48DA-A0E7-2950B02B4193}
	EndGlobalSection
EndGlobal
